// !$*UTF8*$!
{
	archiveVersion = 1;
	classes = {
	};
	objectVersion = 50;
	objects = {

/* Begin PBXBuildFile section */
		89FAF4745DFE36F70414D96A /* Pods_STAlertControllerDemo.framework in Frameworks */ = {isa = PBXBuildFile; fileRef = B2A1A7563671D9BA3FD02FDA /* Pods_STAlertControllerDemo.framework */; };
		DCE2E60F211F069C00696C7A /* AppDelegate.swift in Sources */ = {isa = PBXBuildFile; fileRef = DCE2E60E211F069C00696C7A /* AppDelegate.swift */; };
		DCE2E611211F069C00696C7A /* ViewController.swift in Sources */ = {isa = PBXBuildFile; fileRef = DCE2E610211F069C00696C7A /* ViewController.swift */; };
		DCE2E614211F069C00696C7A /* Main.storyboard in Resources */ = {isa = PBXBuildFile; fileRef = DCE2E612211F069C00696C7A /* Main.storyboard */; };
		DCE2E616211F069D00696C7A /* Assets.xcassets in Resources */ = {isa = PBXBuildFile; fileRef = DCE2E615211F069D00696C7A /* Assets.xcassets */; };
		DCE2E619211F069D00696C7A /* LaunchScreen.storyboard in Resources */ = {isa = PBXBuildFile; fileRef = DCE2E617211F069D00696C7A /* LaunchScreen.storyboard */; };
/* End PBXBuildFile section */

/* Begin PBXFileReference section */
		0948A217D318673D56078046 /* Pods-STAlertControllerDemo.release.xcconfig */ = {isa = PBXFileReference; includeInIndex = 1; lastKnownFileType = text.xcconfig; name = "Pods-STAlertControllerDemo.release.xcconfig"; path = "Pods/Target Support Files/Pods-STAlertControllerDemo/Pods-STAlertControllerDemo.release.xcconfig"; sourceTree = "<group>"; };
		B2A1A7563671D9BA3FD02FDA /* Pods_STAlertControllerDemo.framework */ = {isa = PBXFileReference; explicitFileType = wrapper.framework; includeInIndex = 0; path = Pods_STAlertControllerDemo.framework; sourceTree = BUILT_PRODUCTS_DIR; };
		C17EBDA1D9E5DF65069DB084 /* Pods-STAlertControllerDemo.debug.xcconfig */ = {isa = PBXFileReference; includeInIndex = 1; lastKnownFileType = text.xcconfig; name = "Pods-STAlertControllerDemo.debug.xcconfig"; path = "Pods/Target Support Files/Pods-STAlertControllerDemo/Pods-STAlertControllerDemo.debug.xcconfig"; sourceTree = "<group>"; };
		DCE2E60B211F069C00696C7A /* STAlertControllerDemo.app */ = {isa = PBXFileReference; explicitFileType = wrapper.application; includeInIndex = 0; path = STAlertControllerDemo.app; sourceTree = BUILT_PRODUCTS_DIR; };
		DCE2E60E211F069C00696C7A /* AppDelegate.swift */ = {isa = PBXFileReference; lastKnownFileType = sourcecode.swift; path = AppDelegate.swift; sourceTree = "<group>"; };
		DCE2E610211F069C00696C7A /* ViewController.swift */ = {isa = PBXFileReference; lastKnownFileType = sourcecode.swift; path = ViewController.swift; sourceTree = "<group>"; };
		DCE2E615211F069D00696C7A /* Assets.xcassets */ = {isa = PBXFileReference; lastKnownFileType = folder.assetcatalog; path = Assets.xcassets; sourceTree = "<group>"; };
		DCE2E61A211F069D00696C7A /* Info.plist */ = {isa = PBXFileReference; lastKnownFileType = text.plist.xml; path = Info.plist; sourceTree = "<group>"; };
		DCE2E623211F356B00696C7A /* zh-Hans */ = {isa = PBXFileReference; lastKnownFileType = file.storyboard; name = "zh-Hans"; path = "zh-Hans.lproj/Main.storyboard"; sourceTree = "<group>"; };
		DCE2E624211F357500696C7A /* zh-Hans */ = {isa = PBXFileReference; lastKnownFileType = file.storyboard; name = "zh-Hans"; path = "zh-Hans.lproj/LaunchScreen.storyboard"; sourceTree = "<group>"; };
/* End PBXFileReference section */

/* Begin PBXFrameworksBuildPhase section */
		DCE2E608211F069C00696C7A /* Frameworks */ = {
			isa = PBXFrameworksBuildPhase;
			buildActionMask = 2147483647;
			files = (
				89FAF4745DFE36F70414D96A /* Pods_STAlertControllerDemo.framework in Frameworks */,
			);
			runOnlyForDeploymentPostprocessing = 0;
		};
/* End PBXFrameworksBuildPhase section */

/* Begin PBXGroup section */
		1ABD56DA4E18BF8AD731EF1F /* Frameworks */ = {
			isa = PBXGroup;
			children = (
				B2A1A7563671D9BA3FD02FDA /* Pods_STAlertControllerDemo.framework */,
			);
			name = Frameworks;
			sourceTree = "<group>";
		};
		628813F6D2BDB91178E514AF /* Pods */ = {
			isa = PBXGroup;
			children = (
				C17EBDA1D9E5DF65069DB084 /* Pods-STAlertControllerDemo.debug.xcconfig */,
				0948A217D318673D56078046 /* Pods-STAlertControllerDemo.release.xcconfig */,
			);
			name = Pods;
			sourceTree = "<group>";
		};
		DCE2E602211F069C00696C7A = {
			isa = PBXGroup;
			children = (
				DCE2E60D211F069C00696C7A /* STAlertControllerDemo */,
				DCE2E60C211F069C00696C7A /* Products */,
				628813F6D2BDB91178E514AF /* Pods */,
				1ABD56DA4E18BF8AD731EF1F /* Frameworks */,
			);
			sourceTree = "<group>";
		};
		DCE2E60C211F069C00696C7A /* Products */ = {
			isa = PBXGroup;
			children = (
				DCE2E60B211F069C00696C7A /* STAlertControllerDemo.app */,
			);
			name = Products;
			sourceTree = "<group>";
		};
		DCE2E60D211F069C00696C7A /* STAlertControllerDemo */ = {
			isa = PBXGroup;
			children = (
				DCE2E60E211F069C00696C7A /* AppDelegate.swift */,
				DCE2E610211F069C00696C7A /* ViewController.swift */,
				DCE2E612211F069C00696C7A /* Main.storyboard */,
				DCE2E620211F0ACA00696C7A /* Supporting Files */,
			);
			path = STAlertControllerDemo;
			sourceTree = "<group>";
		};
		DCE2E620211F0ACA00696C7A /* Supporting Files */ = {
			isa = PBXGroup;
			children = (
				DCE2E615211F069D00696C7A /* Assets.xcassets */,
				DCE2E617211F069D00696C7A /* LaunchScreen.storyboard */,
				DCE2E61A211F069D00696C7A /* Info.plist */,
			);
			name = "Supporting Files";
			sourceTree = "<group>";
		};
/* End PBXGroup section */

/* Begin PBXNativeTarget section */
		DCE2E60A211F069C00696C7A /* STAlertControllerDemo */ = {
			isa = PBXNativeTarget;
			buildConfigurationList = DCE2E61D211F069D00696C7A /* Build configuration list for PBXNativeTarget "STAlertControllerDemo" */;
			buildPhases = (
				0D57CE97857AE2E2A79E64A6 /* [CP] Check Pods Manifest.lock */,
				DCE2E607211F069C00696C7A /* Sources */,
				DCE2E608211F069C00696C7A /* Frameworks */,
				DCE2E609211F069C00696C7A /* Resources */,
				625A2ACD21A9269D4A4FC30E /* [CP] Embed Pods Frameworks */,
			);
			buildRules = (
			);
			dependencies = (
			);
			name = STAlertControllerDemo;
			productName = STAlertControllerDemo;
			productReference = DCE2E60B211F069C00696C7A /* STAlertControllerDemo.app */;
			productType = "com.apple.product-type.application";
		};
/* End PBXNativeTarget section */

/* Begin PBXProject section */
		DCE2E603211F069C00696C7A /* Project object */ = {
			isa = PBXProject;
			attributes = {
				LastSwiftUpdateCheck = 0940;
				LastUpgradeCheck = 0940;
				ORGANIZATIONNAME = Suta;
				TargetAttributes = {
					DCE2E60A211F069C00696C7A = {
						CreatedOnToolsVersion = 9.4.1;
					};
				};
			};
			buildConfigurationList = DCE2E606211F069C00696C7A /* Build configuration list for PBXProject "STAlertControllerDemo" */;
			compatibilityVersion = "Xcode 9.3";
			developmentRegion = en;
			hasScannedForEncodings = 0;
			knownRegions = (
				Base,
			);
			mainGroup = DCE2E602211F069C00696C7A;
			productRefGroup = DCE2E60C211F069C00696C7A /* Products */;
			projectDirPath = "";
			projectRoot = "";
			targets = (
				DCE2E60A211F069C00696C7A /* STAlertControllerDemo */,
			);
		};
/* End PBXProject section */

/* Begin PBXResourcesBuildPhase section */
		DCE2E609211F069C00696C7A /* Resources */ = {
			isa = PBXResourcesBuildPhase;
			buildActionMask = 2147483647;
			files = (
				DCE2E619211F069D00696C7A /* LaunchScreen.storyboard in Resources */,
				DCE2E616211F069D00696C7A /* Assets.xcassets in Resources */,
				DCE2E614211F069C00696C7A /* Main.storyboard in Resources */,
			);
			runOnlyForDeploymentPostprocessing = 0;
		};
/* End PBXResourcesBuildPhase section */

/* Begin PBXShellScriptBuildPhase section */
		0D57CE97857AE2E2A79E64A6 /* [CP] Check Pods Manifest.lock */ = {
			isa = PBXShellScriptBuildPhase;
			buildActionMask = 2147483647;
			files = (
			);
			inputPaths = (
				"${PODS_PODFILE_DIR_PATH}/Podfile.lock",
				"${PODS_ROOT}/Manifest.lock",
			);
			name = "[CP] Check Pods Manifest.lock";
			outputPaths = (
				"$(DERIVED_FILE_DIR)/Pods-STAlertControllerDemo-checkManifestLockResult.txt",
			);
			runOnlyForDeploymentPostprocessing = 0;
			shellPath = /bin/sh;
			shellScript = "diff \"${PODS_PODFILE_DIR_PATH}/Podfile.lock\" \"${PODS_ROOT}/Manifest.lock\" > /dev/null\nif [ $? != 0 ] ; then\n    # print error to STDERR\n    echo \"error: The sandbox is not in sync with the Podfile.lock. Run 'pod install' or update your CocoaPods installation.\" >&2\n    exit 1\nfi\n# This output is used by Xcode 'outputs' to avoid re-running this script phase.\necho \"SUCCESS\" > \"${SCRIPT_OUTPUT_FILE_0}\"\n";
			showEnvVarsInLog = 0;
		};
		625A2ACD21A9269D4A4FC30E /* [CP] Embed Pods Frameworks */ = {
			isa = PBXShellScriptBuildPhase;
			buildActionMask = 2147483647;
			files = (
			);
			inputPaths = (
				"${SRCROOT}/Pods/Target Support Files/Pods-STAlertControllerDemo/Pods-STAlertControllerDemo-frameworks.sh",
				"${BUILT_PRODUCTS_DIR}/STAlertController/STAlertController.framework",
			);
			name = "[CP] Embed Pods Frameworks";
			outputPaths = (
				"${TARGET_BUILD_DIR}/${FRAMEWORKS_FOLDER_PATH}/STAlertController.framework",
			);
			runOnlyForDeploymentPostprocessing = 0;
			shellPath = /bin/sh;
			shellScript = "\"${SRCROOT}/Pods/Target Support Files/Pods-STAlertControllerDemo/Pods-STAlertControllerDemo-frameworks.sh\"\n";
			showEnvVarsInLog = 0;
		};
/* End PBXShellScriptBuildPhase section */

/* Begin PBXSourcesBuildPhase section */
		DCE2E607211F069C00696C7A /* Sources */ = {
			isa = PBXSourcesBuildPhase;
			buildActionMask = 2147483647;
			files = (
				DCE2E611211F069C00696C7A /* ViewController.swift in Sources */,
				DCE2E60F211F069C00696C7A /* AppDelegate.swift in Sources */,
			);
			runOnlyForDeploymentPostprocessing = 0;
		};
/* End PBXSourcesBuildPhase section */

/* Begin PBXVariantGroup section */
		DCE2E612211F069C00696C7A /* Main.storyboard */ = {
			isa = PBXVariantGroup;
			children = (
				DCE2E623211F356B00696C7A /* zh-Hans */,
			);
			name = Main.storyboard;
			sourceTree = "<group>";
		};
		DCE2E617211F069D00696C7A /* LaunchScreen.storyboard */ = {
			isa = PBXVariantGroup;
			children = (
				DCE2E624211F357500696C7A /* zh-Hans */,
			);
			name = LaunchScreen.storyboard;
			sourceTree = "<group>";
		};
/* End PBXVariantGroup section */

/* Begin XCBuildConfiguration section */
		DCE2E61B211F069D00696C7A /* Debug */ = {
			isa = XCBuildConfiguration;
			buildSettings = {
				ALWAYS_SEARCH_USER_PATHS = NO;
				CLANG_ANALYZER_LOCALIZABILITY_NONLOCALIZED = YES;
				CLANG_ANALYZER_NONNULL = YES;
				CLANG_ANALYZER_NUMBER_OBJECT_CONVERSION = YES_AGGRESSIVE;
				CLANG_CXX_LANGUAGE_STANDARD = "gnu++14";
				CLANG_CXX_LIBRARY = "libc++";
				CLANG_ENABLE_MODULES = YES;
				CLANG_ENABLE_OBJC_ARC = YES;
				CLANG_ENABLE_OBJC_WEAK = YES;
				CLANG_WARN_BLOCK_CAPTURE_AUTORELEASING = YES;
				CLANG_WARN_BOOL_CONVERSION = YES;
				CLANG_WARN_COMMA = YES;
				CLANG_WARN_CONSTANT_CONVERSION = YES;
				CLANG_WARN_DEPRECATED_OBJC_IMPLEMENTATIONS = YES;
				CLANG_WARN_DIRECT_OBJC_ISA_USAGE = YES_ERROR;
				CLANG_WARN_DOCUMENTATION_COMMENTS = YES;
				CLANG_WARN_EMPTY_BODY = YES;
				CLANG_WARN_ENUM_CONVERSION = YES;
				CLANG_WARN_INFINITE_RECURSION = YES;
				CLANG_WARN_INT_CONVERSION = YES;
				CLANG_WARN_NON_LITERAL_NULL_CONVERSION = YES;
				CLANG_WARN_OBJC_IMPLICIT_RETAIN_SELF = YES;
				CLANG_WARN_OBJC_LITERAL_CONVERSION = YES;
				CLANG_WARN_OBJC_ROOT_CLASS = YES_ERROR;
				CLANG_WARN_RANGE_LOOP_ANALYSIS = YES;
				CLANG_WARN_STRICT_PROTOTYPES = YES;
				CLANG_WARN_SUSPICIOUS_MOVE = YES;
				CLANG_WARN_UNGUARDED_AVAILABILITY = YES_AGGRESSIVE;
				CLANG_WARN_UNREACHABLE_CODE = YES;
				CLANG_WARN__DUPLICATE_METHOD_MATCH = YES;
				CODE_SIGN_IDENTITY = "iPhone Developer";
				COPY_PHASE_STRIP = NO;
				DEBUG_INFORMATION_FORMAT = dwarf;
				ENABLE_STRICT_OBJC_MSGSEND = YES;
				ENABLE_TESTABILITY = YES;
				GCC_C_LANGUAGE_STANDARD = gnu11;
				GCC_DYNAMIC_NO_PIC = NO;
				GCC_NO_COMMON_BLOCKS = YES;
				GCC_OPTIMIZATION_LEVEL = 0;
				GCC_PREPROCESSOR_DEFINITIONS = (
					"DEBUG=1",
					"$(inherited)",
				);
				GCC_WARN_64_TO_32_BIT_CONVERSION = YES;
				GCC_WARN_ABOUT_RETURN_TYPE = YES_ERROR;
				GCC_WARN_UNDECLARED_SELECTOR = YES;
				GCC_WARN_UNINITIALIZED_AUTOS = YES_AGGRESSIVE;
				GCC_WARN_UNUSED_FUNCTION = YES;
				GCC_WARN_UNUSED_VARIABLE = YES;
				IPHONEOS_DEPLOYMENT_TARGET = 8.0;
				MTL_ENABLE_DEBUG_INFO = YES;
				ONLY_ACTIVE_ARCH = YES;
				SDKROOT = iphoneos;
				SWIFT_ACTIVE_COMPILATION_CONDITIONS = DEBUG;
				SWIFT_OPTIMIZATION_LEVEL = "-Onone";
			};
			name = Debug;
		};
		DCE2E61C211F069D00696C7A /* Release */ = {
			isa = XCBuildConfiguration;
			buildSettings = {
				ALWAYS_SEARCH_USER_PATHS = NO;
				CLANG_ANALYZER_LOCALIZABILITY_NONLOCALIZED = YES;
				CLANG_ANALYZER_NONNULL = YES;
				CLANG_ANALYZER_NUMBER_OBJECT_CONVERSION = YES_AGGRESSIVE;
				CLANG_CXX_LANGUAGE_STANDARD = "gnu++14";
				CLANG_CXX_LIBRARY = "libc++";
				CLANG_ENABLE_MODULES = YES;
				CLANG_ENABLE_OBJC_ARC = YES;
				CLANG_ENABLE_OBJC_WEAK = YES;
				CLANG_WARN_BLOCK_CAPTURE_AUTORELEASING = YES;
				CLANG_WARN_BOOL_CONVERSION = YES;
				CLANG_WARN_COMMA = YES;
				CLANG_WARN_CONSTANT_CONVERSION = YES;
				CLANG_WARN_DEPRECATED_OBJC_IMPLEMENTATIONS = YES;
				CLANG_WARN_DIRECT_OBJC_ISA_USAGE = YES_ERROR;
				CLANG_WARN_DOCUMENTATION_COMMENTS = YES;
				CLANG_WARN_EMPTY_BODY = YES;
				CLANG_WARN_ENUM_CONVERSION = YES;
				CLANG_WARN_INFINITE_RECURSION = YES;
				CLANG_WARN_INT_CONVERSION = YES;
				CLANG_WARN_NON_LITERAL_NULL_CONVERSION = YES;
				CLANG_WARN_OBJC_IMPLICIT_RETAIN_SELF = YES;
				CLANG_WARN_OBJC_LITERAL_CONVERSION = YES;
				CLANG_WARN_OBJC_ROOT_CLASS = YES_ERROR;
				CLANG_WARN_RANGE_LOOP_ANALYSIS = YES;
				CLANG_WARN_STRICT_PROTOTYPES = YES;
				CLANG_WARN_SUSPICIOUS_MOVE = YES;
				CLANG_WARN_UNGUARDED_AVAILABILITY = YES_AGGRESSIVE;
				CLANG_WARN_UNREACHABLE_CODE = YES;
				CLANG_WARN__DUPLICATE_METHOD_MATCH = YES;
				CODE_SIGN_IDENTITY = "iPhone Developer";
				COPY_PHASE_STRIP = NO;
				DEBUG_INFORMATION_FORMAT = "dwarf-with-dsym";
				ENABLE_NS_ASSERTIONS = NO;
				ENABLE_STRICT_OBJC_MSGSEND = YES;
				GCC_C_LANGUAGE_STANDARD = gnu11;
				GCC_NO_COMMON_BLOCKS = YES;
				GCC_WARN_64_TO_32_BIT_CONVERSION = YES;
				GCC_WARN_ABOUT_RETURN_TYPE = YES_ERROR;
				GCC_WARN_UNDECLARED_SELECTOR = YES;
				GCC_WARN_UNINITIALIZED_AUTOS = YES_AGGRESSIVE;
				GCC_WARN_UNUSED_FUNCTION = YES;
				GCC_WARN_UNUSED_VARIABLE = YES;
				IPHONEOS_DEPLOYMENT_TARGET = 8.0;
				MTL_ENABLE_DEBUG_INFO = NO;
				SDKROOT = iphoneos;
				SWIFT_COMPILATION_MODE = wholemodule;
				SWIFT_OPTIMIZATION_LEVEL = "-O";
				VALIDATE_PRODUCT = YES;
			};
			name = Release;
		};
		DCE2E61E211F069D00696C7A /* Debug */ = {
			isa = XCBuildConfiguration;
			baseConfigurationReference = C17EBDA1D9E5DF65069DB084 /* Pods-STAlertControllerDemo.debug.xcconfig */;
			buildSettings = {
				ASSETCATALOG_COMPILER_APPICON_NAME = AppIcon;
				CODE_SIGN_STYLE = Automatic;
				DEVELOPMENT_TEAM = A59B2Z45EY;
				INFOPLIST_FILE = STAlertControllerDemo/Info.plist;
				IPHONEOS_DEPLOYMENT_TARGET = 8.0;
				LD_RUNPATH_SEARCH_PATHS = (
					"$(inherited)",
					"@executable_path/Frameworks",
				);
				PRODUCT_BUNDLE_IDENTIFIER = com.suta.STAlertControllerDemo;
				PRODUCT_NAME = "$(TARGET_NAME)";
				SWIFT_VERSION = 4.0;
				TARGETED_DEVICE_FAMILY = "1,2";
			};
			name = Debug;
		};
		DCE2E61F211F069D00696C7A /* Release */ = {
			isa = XCBuildConfiguration;
			baseConfigurationReference = 0948A217D318673D56078046 /* Pods-STAlertControllerDemo.release.xcconfig */;
			buildSettings = {
				ASSETCATALOG_COMPILER_APPICON_NAME = AppIcon;
				CODE_SIGN_STYLE = Automatic;
				DEVELOPMENT_TEAM = A59B2Z45EY;
				INFOPLIST_FILE = STAlertControllerDemo/Info.plist;
				IPHONEOS_DEPLOYMENT_TARGET = 8.0;
				LD_RUNPATH_SEARCH_PATHS = (
					"$(inherited)",
					"@executable_path/Frameworks",
				);
				PRODUCT_BUNDLE_IDENTIFIER = com.suta.STAlertControllerDemo;
				PRODUCT_NAME = "$(TARGET_NAME)";
				SWIFT_VERSION = 4.0;
				TARGETED_DEVICE_FAMILY = "1,2";
			};
			name = Release;
		};
/* End XCBuildConfiguration section */

/* Begin XCConfigurationList section */
		DCE2E606211F069C00696C7A /* Build configuration list for PBXProject "STAlertControllerDemo" */ = {
			isa = XCConfigurationList;
			buildConfigurations = (
				DCE2E61B211F069D00696C7A /* Debug */,
				DCE2E61C211F069D00696C7A /* Release */,
			);
			defaultConfigurationIsVisible = 0;
			defaultConfigurationName = Release;
		};
		DCE2E61D211F069D00696C7A /* Build configuration list for PBXNativeTarget "STAlertControllerDemo" */ = {
			isa = XCConfigurationList;
			buildConfigurations = (
				DCE2E61E211F069D00696C7A /* Debug */,
				DCE2E61F211F069D00696C7A /* Release */,
			);
			defaultConfigurationIsVisible = 0;
			defaultConfigurationName = Release;
		};
/* End XCConfigurationList section */
	};
	rootObject = DCE2E603211F069C00696C7A /* Project object */;
}
